
Microsoft Visual Studio Solution File, Format Version 12.00
# Visual Studio Version 17
VisualStudioVersion = 17.8.34302.71
MinimumVisualStudioVersion = 10.0.40219.1
Project("{9A19103F-16F7-4668-BE54-9A1E7A4F7556}") = "AI-Social-Platform.Server", "AI-Social-Platform.Server\AI-Social-Platform.Server.csproj", "{C0F9711C-6FEA-4920-AAD1-BF0DB2470BF8}"
EndProject
Project("{54A90642-561A-4BB1-A94E-469ADEE60C69}") = "AI-Social-Platform.Client", "ai-social-platform.client\AI-Social-Platform.Client.esproj", "{11770EC5-284F-46B4-A8C1-678F8BCCC032}"
EndProject
Project("{9A19103F-16F7-4668-BE54-9A1E7A4F7556}") = "AI-Social-Platform.Common", "AI-Social-Platform.Common\AI-Social-Platform.Common.csproj", "{99C73B5C-76A3-4A7C-A599-067E60090946}"
EndProject
Project("{9A19103F-16F7-4668-BE54-9A1E7A4F7556}") = "AI-Social-Platform.Core", "AI-Social-Platform.Core\AI-Social-Platform.Core.csproj", "{304B978A-7127-471D-9662-7C9A5EEF8D19}"
EndProject
Project("{9A19103F-16F7-4668-BE54-9A1E7A4F7556}") = "AI-Social-Platform.Data", "AI-Social-Platform.Data\AI-Social-Platform.Data.csproj", "{CE99556D-5A93-48CC-954E-AAEF78B05919}"
EndProject
Project("{9A19103F-16F7-4668-BE54-9A1E7A4F7556}") = "AI-Social-Platform.Data.Models", "AI-Social-Platform.Data.Models\AI-Social-Platform.Data.Models.csproj", "{1610144E-93E3-4D83-87B5-2BFD84A01282}"
EndProject
Project("{2150E333-8FDC-42A3-9474-1A3956D46DE8}") = "Services", "Services", "{3186CD87-6009-482A-B753-BC8E12C368AF}"
	ProjectSection(SolutionItems) = preProject
		AI-Social-Platform.Services.Data\MediaService.cs = AI-Social-Platform.Services.Data\MediaService.cs
		AI-Social-Platform.Services.Data\UserService.cs = AI-Social-Platform.Services.Data\UserService.cs
	EndProjectSection
EndProject
Project("{9A19103F-16F7-4668-BE54-9A1E7A4F7556}") = "AI-Social-Platform.Services.Data.Models", "AI-Social-Platform.Services.Data.Models\AI-Social-Platform.Services.Data.Models.csproj", "{84A39DFF-394A-48AD-80E4-DD4AB1A11B7E}"
EndProject
Project("{9A19103F-16F7-4668-BE54-9A1E7A4F7556}") = "AI-Social-Platform.FormModels", "AI-Social-Platform.FormModels\AI-Social-Platform.FormModels.csproj", "{10F5489A-705B-415F-9141-ACCBD5A39284}"
EndProject
Project("{9A19103F-16F7-4668-BE54-9A1E7A4F7556}") = "AI-Social-Platform.Services.Data", "AI-Social-Platform.Services.Data\AI-Social-Platform.Services.Data.csproj", "{13581442-0426-438D-8427-5BA3C78B5509}"
EndProject
Project("{9A19103F-16F7-4668-BE54-9A1E7A4F7556}") = "AI-Social-Platform.Extensions", "AI-Social-Platform.Extensions\AI-Social-Platform.Extensions.csproj", "{AD30F7A0-9775-4159-80EC-A550078F2DDA}"
EndProject
Project("{9A19103F-16F7-4668-BE54-9A1E7A4F7556}") = "Ai-Social-Platform.Tests", "Ai-Social-Platform.Tests\Ai-Social-Platform.Tests.csproj", "{F560607F-025A-4323-B84D-39E2D0039A1E}"
EndProject
Global
	GlobalSection(SolutionConfigurationPlatforms) = preSolution
		Debug|Any CPU = Debug|Any CPU
		Release|Any CPU = Release|Any CPU
	EndGlobalSection
	GlobalSection(ProjectConfigurationPlatforms) = postSolution
		{C0F9711C-6FEA-4920-AAD1-BF0DB2470BF8}.Debug|Any CPU.ActiveCfg = Debug|Any CPU
		{C0F9711C-6FEA-4920-AAD1-BF0DB2470BF8}.Debug|Any CPU.Build.0 = Debug|Any CPU
		{C0F9711C-6FEA-4920-AAD1-BF0DB2470BF8}.Release|Any CPU.ActiveCfg = Release|Any CPU
		{C0F9711C-6FEA-4920-AAD1-BF0DB2470BF8}.Release|Any CPU.Build.0 = Release|Any CPU
		{11770EC5-284F-46B4-A8C1-678F8BCCC032}.Debug|Any CPU.ActiveCfg = Debug|Any CPU
		{11770EC5-284F-46B4-A8C1-678F8BCCC032}.Debug|Any CPU.Build.0 = Debug|Any CPU
		{11770EC5-284F-46B4-A8C1-678F8BCCC032}.Debug|Any CPU.Deploy.0 = Debug|Any CPU
		{11770EC5-284F-46B4-A8C1-678F8BCCC032}.Release|Any CPU.ActiveCfg = Release|Any CPU
		{11770EC5-284F-46B4-A8C1-678F8BCCC032}.Release|Any CPU.Build.0 = Release|Any CPU
		{11770EC5-284F-46B4-A8C1-678F8BCCC032}.Release|Any CPU.Deploy.0 = Release|Any CPU
		{99C73B5C-76A3-4A7C-A599-067E60090946}.Debug|Any CPU.ActiveCfg = Debug|Any CPU
		{99C73B5C-76A3-4A7C-A599-067E60090946}.Debug|Any CPU.Build.0 = Debug|Any CPU
		{99C73B5C-76A3-4A7C-A599-067E60090946}.Release|Any CPU.ActiveCfg = Release|Any CPU
		{99C73B5C-76A3-4A7C-A599-067E60090946}.Release|Any CPU.Build.0 = Release|Any CPU
		{304B978A-7127-471D-9662-7C9A5EEF8D19}.Debug|Any CPU.ActiveCfg = Debug|Any CPU
		{304B978A-7127-471D-9662-7C9A5EEF8D19}.Debug|Any CPU.Build.0 = Debug|Any CPU
		{304B978A-7127-471D-9662-7C9A5EEF8D19}.Release|Any CPU.ActiveCfg = Release|Any CPU
		{304B978A-7127-471D-9662-7C9A5EEF8D19}.Release|Any CPU.Build.0 = Release|Any CPU
		{CE99556D-5A93-48CC-954E-AAEF78B05919}.Debug|Any CPU.ActiveCfg = Debug|Any CPU
		{CE99556D-5A93-48CC-954E-AAEF78B05919}.Debug|Any CPU.Build.0 = Debug|Any CPU
		{CE99556D-5A93-48CC-954E-AAEF78B05919}.Release|Any CPU.ActiveCfg = Release|Any CPU
		{CE99556D-5A93-48CC-954E-AAEF78B05919}.Release|Any CPU.Build.0 = Release|Any CPU
		{1610144E-93E3-4D83-87B5-2BFD84A01282}.Debug|Any CPU.ActiveCfg = Debug|Any CPU
		{1610144E-93E3-4D83-87B5-2BFD84A01282}.Debug|Any CPU.Build.0 = Debug|Any CPU
		{1610144E-93E3-4D83-87B5-2BFD84A01282}.Release|Any CPU.ActiveCfg = Release|Any CPU
		{1610144E-93E3-4D83-87B5-2BFD84A01282}.Release|Any CPU.Build.0 = Release|Any CPU
		{84A39DFF-394A-48AD-80E4-DD4AB1A11B7E}.Debug|Any CPU.ActiveCfg = Debug|Any CPU
		{84A39DFF-394A-48AD-80E4-DD4AB1A11B7E}.Debug|Any CPU.Build.0 = Debug|Any CPU
		{84A39DFF-394A-48AD-80E4-DD4AB1A11B7E}.Release|Any CPU.ActiveCfg = Release|Any CPU
		{84A39DFF-394A-48AD-80E4-DD4AB1A11B7E}.Release|Any CPU.Build.0 = Release|Any CPU
		{10F5489A-705B-415F-9141-ACCBD5A39284}.Debug|Any CPU.ActiveCfg = Debug|Any CPU
		{10F5489A-705B-415F-9141-ACCBD5A39284}.Debug|Any CPU.Build.0 = Debug|Any CPU
		{10F5489A-705B-415F-9141-ACCBD5A39284}.Release|Any CPU.ActiveCfg = Release|Any CPU
		{10F5489A-705B-415F-9141-ACCBD5A39284}.Release|Any CPU.Build.0 = Release|Any CPU
		{13581442-0426-438D-8427-5BA3C78B5509}.Debug|Any CPU.ActiveCfg = Debug|Any CPU
		{13581442-0426-438D-8427-5BA3C78B5509}.Debug|Any CPU.Build.0 = Debug|Any CPU
		{13581442-0426-438D-8427-5BA3C78B5509}.Release|Any CPU.ActiveCfg = Release|Any CPU
		{13581442-0426-438D-8427-5BA3C78B5509}.Release|Any CPU.Build.0 = Release|Any CPU
		{AD30F7A0-9775-4159-80EC-A550078F2DDA}.Debug|Any CPU.ActiveCfg = Debug|Any CPU
		{AD30F7A0-9775-4159-80EC-A550078F2DDA}.Debug|Any CPU.Build.0 = Debug|Any CPU
		{AD30F7A0-9775-4159-80EC-A550078F2DDA}.Release|Any CPU.ActiveCfg = Release|Any CPU
		{AD30F7A0-9775-4159-80EC-A550078F2DDA}.Release|Any CPU.Build.0 = Release|Any CPU
		{F560607F-025A-4323-B84D-39E2D0039A1E}.Debug|Any CPU.ActiveCfg = Debug|Any CPU
		{F560607F-025A-4323-B84D-39E2D0039A1E}.Debug|Any CPU.Build.0 = Debug|Any CPU
		{F560607F-025A-4323-B84D-39E2D0039A1E}.Release|Any CPU.ActiveCfg = Release|Any CPU
		{F560607F-025A-4323-B84D-39E2D0039A1E}.Release|Any CPU.Build.0 = Release|Any CPU
	EndGlobalSection
	GlobalSection(SolutionProperties) = preSolution
		HideSolutionNode = FALSE
	EndGlobalSection
	GlobalSection(NestedProjects) = preSolution
		{84A39DFF-394A-48AD-80E4-DD4AB1A11B7E} = {3186CD87-6009-482A-B753-BC8E12C368AF}
		{13581442-0426-438D-8427-5BA3C78B5509} = {3186CD87-6009-482A-B753-BC8E12C368AF}
	EndGlobalSection
	GlobalSection(ExtensibilityGlobals) = postSolution
		SolutionGuid = {87EC6F88-DE6A-4846-B723-521B7E02ABBF}
	EndGlobalSection
EndGlobal
